{
    "_meta": {
        "sources": [
            {
                "url": "https://pypi.python.org/simple",
                "verify_ssl": true
            }
        ],
        "requires": {},
        "hash": {
            "sha256": "8c0650f9750f6789a9c34fc182bda6c551c792c0460dc4d10b195d5b2aa1f56e"
        }
    },
    "default": {
        "requests": {
            "hash": "sha256:3b39cde35be51762885631cf586f4dc2284951b44d479a4454020758d767cc2f",
            "version": "==2.14.2"
        }
    },
    "develop": {
        "alabaster": {
            "hash": "sha256:2eef172f44e8d301d25aff8068fddd65f767a3f04b5f15b0f4922f113aa1c732",
            "version": "==0.7.10"
        },
        "appdirs": {
            "hash": "sha256:d8b24664561d0d34ddfaec54636d502d7cea6e29c3eaf68f3df6180863e2166e",
            "version": "==1.4.3"
        },
        "args": {
            "hash": "sha256:a785b8d837625e9b61c39108532d95b85274acd679693b71ebb5156848fcf814",
            "version": "==0.1.0"
        },
        "babel": {
            "hash": "sha256:e86ca5a3a6bb64b9bbb62b9dac37225ec0ab5dfaae3c2492ebd648266468042f",
            "version": "==2.4.0"
        },
        "blessings": {
            "hash": "sha256:edc5713061f10966048bf6b40d9a514b381e0ba849c64e034c4ef6c1847d3007",
            "version": "==1.6"
        },
        "bpython": {
            "hash": "sha256:2e1466059cafbbcfd232e8e7ead821daf520bc7b2ccb02bca6a98ff8b0ef18d9",
            "version": "==0.16"
        },
        "bumpversion": {
            "hash": "sha256:6753d9ff3552013e2130f7bc03c1007e24473b4835952679653fb132367bdd57",
            "version": "==0.5.3"
        },
        "clint": {
            "hash": "sha256:05224c32b1075563d0b16d0015faaf9da43aa214e4a2140e51f08789e7a4c5aa",
            "version": "==0.5.1"
        },
        "coverage": {
            "hash": "sha256:88c4c15347bc813a7a23c66e13d7a9dc968a0f9d59136fb1d97ebe869db5b88b",
            "version": "==4.4"
        },
        "curtsies": {
            "hash": "sha256:8af7b0df83270a8d53c972b3436b7ac7813ffca27e6301c53b788372e3d862c2",
            "version": "==0.2.11"
        },
        "docutils": {
            "hash": "sha256:cb3ebcb09242804f84bdbf0b26504077a054da6772c6f4d625f335cc53ebf94d",
            "version": "==0.13.1"
        },
        "flake8": {
            "hash": "sha256:83905eadba99f73fbfe966598aaf1682b3eb6755d2263c5b33a4e8367d60b0d1",
            "version": "==3.3.0"
        },
        "flake8-isort": {
            "hash": "sha256:8b3d83b207ee341614b2420c9550c0d16d38182b7df6ba4dcf49a0e6dcf9fdb2",
            "version": "==2.2"
        },
        "flake8-polyfill": {
            "hash": "sha256:da3d14a829cb1ec6377b2065e3f3892cf64b81a24ad15bbdf003c7bfee01723f",
            "version": "==1.0.1"
        },
        "greenlet": {
            "hash": "sha256:e4c99c6010a5d153d481fdaf63b8a0782825c0721506d880403a3b9b82ae347e",
            "version": "==0.4.12"
        },
        "imagesize": {
            "hash": "sha256:6ebdc9e0ad188f9d1b2cdd9bc59cbe42bf931875e829e7a595e6b3abdc05cdfb",
            "version": "==0.7.1"
        },
        "isort": {
            "hash": "sha256:a0c38c1c5e4c70ea1141daa80c740372ad94351e92e9e07da1cd86ce65653dc4",
            "version": "==4.2.5"
        },
        "Jinja2": {
            "hash": "sha256:2231bace0dfd8d2bf1e5d7e41239c06c9e0ded46e70cc1094a0aa64b0afeb054",
            "version": "==2.9.6"
        },
        "MarkupSafe": {
            "hash": "sha256:a6be69091dac236ea9c6bc7d012beab42010fa914c459791d627dad4910eb665",
            "version": "==1.0"
        },
        "mccabe": {
            "hash": "sha256:ab8a6258860da4b6677da4bd2fe5dc2c659cff31b3ee4f7f5d64e79735b80d42",
            "version": "==0.6.1"
        },
        "packaging": {
            "hash": "sha256:99276dc6e3a7851f32027a68f1095cd3f77c148091b092ea867a351811cfe388",
            "version": "==16.8"
        },
        "pkginfo": {
            "hash": "sha256:31a49103180ae1518b65d3f4ce09c784e2bc54e338197668b4fb7dc539521024",
            "version": "==1.4.1"
        },
        "pluggy": {
            "hash": "sha256:d2766caddfbbc8ef641d47da556d2ae3056860ce4d553aa04009e42b76a09951",
            "version": "==0.4.0"
        },
        "pockets": {
            "hash": "sha256:bccf25b8ce7bd62c13b300f09b000e7368a6476553ba37564098ead5a17bb4ab",
            "version": "==0.5.1"
        },
        "py": {
            "hash": "sha256:81b5e37db3cc1052de438375605fb5d3b3e97f950f415f9143f04697c684d7eb",
            "version": "==1.4.33"
        },
        "pycodestyle": {
            "hash": "sha256:6c4245ade1edfad79c3446fadfc96b0de2759662dc29d07d80a6f27ad1ca6ba9",
            "version": "==2.3.1"
        },
        "pyflakes": {
            "hash": "sha256:cc5eadfb38041f8366128786b4ca12700ed05bbf1403d808e89d57d67a3875a7",
            "version": "==1.5.0"
        },
        "Pygments": {
            "hash": "sha256:78f3f434bcc5d6ee09020f92ba487f95ba50f1e3ef83ae96b9d5ffa1bab25c5d",
            "version": "==2.2.0"
        },
        "pyparsing": {
            "hash": "sha256:fee43f17a9c4087e7ed1605bd6df994c6173c1e977d7ade7b651292fab2bd010",
            "version": "==2.2.0"
        },
        "pytz": {
            "hash": "sha256:d1d6729c85acea5423671382868627129432fba9a89ecbb248d8d1c7a9f01c67",
            "version": "==2017.2"
        },
        "requests": {
            "hash": "sha256:3b39cde35be51762885631cf586f4dc2284951b44d479a4454020758d767cc2f",
            "version": "==2.14.2"
        },
        "requests-toolbelt": {
            "hash": "sha256:17077c6876338ba4101b6e9ab6ba925da970387a7a7eab91d28eed8d25da01f0",
            "version": "==0.7.1"
        },
        "setuptools": {
            "hash": "sha256:19d753940f8cdbee7548da318f8b56159aead279ef811a6efc8b8a33d89c86a4",
            "version": "==35.0.2"
        },
        "six": {
            "hash": "sha256:0ff78c403d9bccf5a425a6d31a12aa6b47f1c21ca4dc2573a7e2f32a97335eb1",
            "version": "==1.10.0"
        },
        "snowballstemmer": {
            "hash": "sha256:9f3bcd3c401c3e862ec0ebe6d2c069ebc012ce142cce209c098ccb5b09136e89",
            "version": "==1.2.1"
        },
        "Sphinx": {
            "hash": "sha256:11f271e7a9398385ed730e90f0bb41dc3815294bdcd395b46ed2d033bc2e7d87",
            "version": "==1.5.5"
        },
        "sphinxcontrib-napoleon": {
            "hash": "sha256:cbb31953b15d2102c18f16f02591f92e2614a08ef0218c9e514e2dc4c4f9daf9",
            "version": "==0.6.1"
        },
        "testfixtures": {
            "hash": "sha256:63c04739a033b56ebf9ffb6f59eeae6cc463685e1f3b19f4a3a5ab87a591c560",
            "version": "==4.13.5"
        },
        "tox": {
            "hash": "sha256:0f37ea637ead4a5bbae91531b0bf8fd327c7152e20255e5960ee180598228d21",
            "version": "==2.7.0"
        },
        "twine": {
            "hash": "sha256:3202d943a144962a821d9c5e92e07f9442dbbe6d6f18eae74e2a725b9980c559",
            "version": "==1.8.1"
        },
        "virtualenv": {
            "hash": "sha256:39d88b533b422825d644087a21e78c45cf5af0ef7a99a1fc9fbb7b481e5c85b0",
            "version": "==15.1.0"
        },
        "wcwidth": {
            "hash": "sha256:f4ebe71925af7b40a864553f761ed559b43544f8f71746c2d756c7fe788ade7c",
            "version": "==0.1.7"
        }
    }
}